github.com/danieljoos/wincred v1.2.3 h1:v7dZC2x32Ut3nEfRH+vhoZGvN72+dQ/snVXo/vMFLdQ=
github.com/danieljoos/wincred v1.2.3/go.mod h1:6qqX0WNrS4RzPZ1tnroDzq9kY3fu1KwE7MRLQK4X0bs=
github.com/davecgh/go-spew v1.1.1 h1:vj9j/u1bqnvCEfJOwUhtlOARqs3+rkHYY13jYWTU97c=
github.com/davecgh/go-spew v1.1.1/go.mod h1:J7Y8YcW2NihsgmVo/mv3lAwl/skON4iLHjSsI+c5H38=
github.com/godbus/dbus/v5 v5.2.2 h1:TUR3TgtSVDmjiXOgAAyaZbYmIeP3DPkld3jgKGV8mXQ=
github.com/godbus/dbus/v5 v5.2.2/go.mod h1:3AAv2+hPq5rdnr5txxxRwiGjPXamgoIHgz9FPBfOp3c=
github.com/jessevdk/go-flags v1.4.0/go.mod h1:4FA24M0QyGHXBuZZK/XkWh8h0e1EYbRYJSGM75WSRxI=
github.com/klauspost/cpuid/v2 v2.0.9 h1:lgaqFMSdTdQYdZ04uHyN2d/eKdOMyi2YLSvlQIBFYa4=
github.com/klauspost/cpuid/v2 v2.0.9/go.mod h1:FInQzS24/EEf25PyTYn52gqo7WaD8xa0213Md/qVLRg=
github.com/pmezard/go-difflib v1.0.0 h1:4DBwDE0NGyQoBHbLQYPwSUPoCMWR5BEzIk/f1lZbAQM=
github.com/pmezard/go-difflib v1.0.0/go.mod h1:iKH77koFhYxTK1pcRnkKkqfTogsbg7gZNVY4sRDYZ/4=
github.com/smallstep/truststore v0.13.0 h1:90if9htAOblavbMeWlqNLnO9bsjjgVv2hQeQJCi/py4=
github.com/smallstep/truststore v0.13.0/go.mod h1:3tmMp2aLKZ/OA/jnFUB0cYPcho402UG2knuJoPh4j7A=
github.com/stretchr/objx v0.5.2 h1:xuMeJ0Sdp5ZMRXx/aWO6RZxdr3beISkG5/G/aIRr3pY=
github.com/stretchr/objx v0.5.2/go.mod h1:FRsXN1f5AsAjCGJKqEizvkpNtU+EGNCLh3NxZ/8L+MA=
github.com/stretchr/testify v1.11.1 h1:7s2iGBzp5EwR7/aIZr8ao5+dra3wiQyKjjFuvgVKu7U=
github.com/stretchr/testify v1.11.1/go.mod h1:wZwfW3scLgRK+23gO65QZefKpKQRnfz6sD981Nm4B6U=
github.com/tdewolff/minify/v2 v2.24.12 h1:YXJxVJmz7vxgnEv1v8J/EI4x+Uw4MMohcRFK7TFOjmk=
github.com/tdewolff/minify/v2 v2.24.12/go.mod h1:exq1pjdrh9uAICdfVKQwqz6MsJmWmQahZuTC6pTO6ro=
github.com/tdewolff/parse/v2 v2.8.11 h1:SGyjEy3xEqd+W9WVzTlTQ5GkP/en4a1AZNZVJ1cvgm0=
github.com/tdewolff/parse/v2 v2.8.11/go.mod h1:Hwlni2tiVNKyzR1o6nUs4FOF07URA+JLBLd6dlIXYqo=
github.com/tdewolff/test v1.0.11 h1:FdLbwQVHxqG16SlkGveC0JVyrJN62COWTRyUFzfbtBE=
github.com/tdewolff/test v1.0.11/go.mod h1:XPuWBzvdUzhCuxWO1ojpXsyzsA5bFoS3tO/Q3kFuTG8=
github.com/tinywasm/assetmin v0.4.5 h1:t1dkgvclpHT0XNVDxuO3R7I2HNZwmDi7awit35+MsWw=
github.com/tinywasm/assetmin v0.4.5/go.mod h1:h0zGDLpUYkIBcTY1FeVlhwU3xEbEB47pfmmfJEsV+is=
github.com/tinywasm/client v0.6.22 h1:ImPhMeL6aZafTYhRHRmQtsB1RGdrAZOvkPy2zIblcts=
github.com/tinywasm/client v0.6.22/go.mod h1:U/sPDs5U9r4yWp52zExpO48tqctu/YqbwW2b0sfxVrc=
github.com/tinywasm/context v0.0.18 h1:uKeiAFo6L/PikGSbUu+xcyELGoa4kXomDNwJOlhxrUE=
github.com/tinywasm/context v0.0.18/go.mod h1:3AHZHMiiVZljEGNuYMaLM2OXdZ3bXjoMCmqx3sEGXsA=
github.com/tinywasm/css v0.1.4 h1:xlAc4un6hXT9QYffwc9ts+kjrFP2iXc+StwRW4GQqwU=
github.com/tinywasm/css v0.1.4/go.mod h1:CSeW2LF+qWD2yx99DtVw2nk3u0jDy/mU6w8fY1koCwg=
github.com/tinywasm/ddlc v0.0.5 h1:QBZ9TfseoRnvqvoTFG7JAhf2j+Qa3ohaTka4P25BKAs=
github.com/tinywasm/ddlc v0.0.5/go.mod h1://RkYWsU2TcnT1A3qm6xnD9WRWSlnpR2TcnQPWITbrE=
github.com/tinywasm/devflow v0.4.46 h1:uor+2H/CQ4xI1kxXHsQBJsfmR9C1Js6YWnQE020cKAc=
github.com/tinywasm/devflow v0.4.46/go.mod h1:xLCBLc9ksf2jqJN51TDlolkta16uNp4tDCXacPD2dSI=
github.com/tinywasm/dom v0.11.2 h1:IbM/wUL/LIgkA1r53ybXg21nOVJwBiZRWOBwhhmEF5E=
github.com/tinywasm/dom v0.11.2/go.mod h1:tzhYHgoqEl1w6kBBYK0CTYmc1mqzFk1LmyYG0tm5dmY=
github.com/tinywasm/fetch v0.1.24 h1:UynB2NPPgYrwcRx6ZujkRUTlfUUkNs60J0O63/1FmAs=
github.com/tinywasm/fetch v0.1.24/go.mod h1:Hx9bkdjC5fcf++EWjHKUzEn2OZpUbfoXNQV8tbdC5SI=
github.com/tinywasm/filetype v0.0.2 h1:3e9zQarlYwRP+AjeZzsgDgHuKzZx3+8coPy5JtlHkCc=
github.com/tinywasm/filetype v0.0.2/go.mod h1:7oIYSOoc3T7U9B3GQHKzYarGQ518iekIImR64s/ht9U=
github.com/tinywasm/fmt v0.25.3 h1:CkyjeKvSFM8BxRWleb4gaPak8Fe+VKPWvnW0UU7KvQE=
github.com/tinywasm/fmt v0.25.3/go.mod h1:L2GCAi6asgytPV6TVvGrRq5Ml+DkUt1Ijo5i/2J1jOY=
github.com/tinywasm/gobuild v0.0.26 h1:19Cyzb3nYlueWPRPEQNdTM6+OXTXuP5Ro+jNBYj3ptY=
github.com/tinywasm/gobuild v0.0.26/go.mod h1:48JVlXnOy8ZBiz/vz5rWMxv4ZrQvB5Fbw22kOx6RfZY=
github.com/tinywasm/gorun v0.0.24 h1:qduMrpcw0nf65nx8Fi2duBWN7pCIwXxePPa9KL0rmWM=
github.com/tinywasm/gorun v0.0.24/go.mod h1:9pApF2ZoaH/km6kGBVxL5WlStOoLwEZiV1uG4R4qeKo=
github.com/tinywasm/html v0.0.6 h1:8W/jXGKAhn5vPVx8y2HKAUIr1v2A1ofVkE47CJPkeu0=
github.com/tinywasm/html v0.0.6/go.mod h1:Bc++Sre7mPqhAzLcG1VlNAA6qmE/OCf22oywnq5tn7I=
github.com/tinywasm/js v0.0.4 h1:dG4SHMpY48kg0A6rnL4aqf6pclurV52y893fG0ovfJ4=
github.com/tinywasm/js v0.0.4/go.mod h1:VNNOpFiVwfN3B6ZYG9HPZRp8sCOjcNd78c5TQcPzf0E=
github.com/tinywasm/json v0.5.11 h1:hG8RYmwtbxs4pC/i3EgQgsWe2C42LhUSA3i+YzPt818=
github.com/tinywasm/json v0.5.11/go.mod h1:6UeL7bWypYLIWsF12pOOwpYJci8YmW02+d85dShStL8=
github.com/tinywasm/jsvalue v0.0.15 h1:RbdqbytQD8ASxm3QGXHdXbhos/uP1E7gxV4SWpLSGZ0=
github.com/tinywasm/jsvalue v0.0.15/go.mod h1:LKUZAJYaV4Kjq/BLej2kkM9AKOfLgNrZ1W6Xwz/CdQk=
github.com/tinywasm/mcp v0.1.22 h1:0LUy/+RN14/PAAyBxMBEmkVaIF/3w/JUP5knk71SWh4=
github.com/tinywasm/mcp v0.1.22/go.mod h1:GYN5SfUgKztQfF0SMpU9RBdzKVhQ8q7uhS54FLhw3OM=
github.com/tinywasm/model v0.0.15 h1:EpDMgfTq83PzSBVkDU2Ug6B1XRvsk0Ki+scJSf9chfU=
github.com/tinywasm/model v0.0.15/go.mod h1:wkYZLW6CWVrlx5TiLEBL71KgDxhjUcFtY3KXZKpkCXA=
github.com/tinywasm/orm v0.9.28 h1:/VhIq7rfkwY7N9VrSZsYNlLQm7PSi0jmudzix2ut8Os=
github.com/tinywasm/orm v0.9.28/go.mod h1:EJvLFeMXmdV+i0q6pFycYjhivun+5gHkhPjWu9UM2OQ=
github.com/tinywasm/router v0.1.11 h1:oXNXzg9tTdtCFbJTmzGXv3oIksDvlsUkNb55US8XVHg=
github.com/tinywasm/router v0.1.11/go.mod h1:HM/9YKk0c8JKdPPCNLVGVpB48k6vXfhl2Q9C+tVujSo=
github.com/tinywasm/server v0.2.30 h1:bwv09Utp/0w1D6AO+ZwPlMI4M802Gp1EXuCNjpQNTeY=
github.com/tinywasm/server v0.2.30/go.mod h1:eb/5Iky/uQNnIcktqffTKyXMMTTK/rgMNBOOy3Ee9f8=
github.com/tinywasm/sqlt v0.0.7 h1:37OjyZ4vYdol8WSqOPBZFQ0sdoK/k1qUybTcmBcmzXM=
github.com/tinywasm/sqlt v0.0.7/go.mod h1:VWoPgBoIVBPeTZW6nlXXWXpQdttw75vxuSovXfpdkls=
github.com/tinywasm/svg v0.1.3 h1:UIvWjctM3Bdxf/awDKHf2xhM2h1CB3PmK7tNJm1xAO8=
github.com/tinywasm/svg v0.1.3/go.mod h1:kLzyRzr4ih5LTGhW86J49KlE32okOZhZ5hsLdl6zWzc=
github.com/tinywasm/time v0.5.0 h1:M17DNgKrMYfkCK42V6miL9AcwfN/FHghbKOSTXJrkMo=
github.com/tinywasm/time v0.5.0/go.mod h1:vxGAkKA40im4ObiTS6hcsJYiIsVVLSz/A63JC/+TwvA=
github.com/tinywasm/tinygo v0.0.11 h1:mdSPat9PcIcT1ZW6y+7DJmAbne2vLHVpTHqTCRL/L/A=
github.com/tinywasm/tinygo v0.0.11/go.mod h1:AFP4RTqJN9HKR/AWwXSibOF0HwlHIIpBNP0KWO2nvCU=
github.com/tinywasm/unixid v0.2.23 h1:Lp/TER0RwbaT7EcHbQNzXj9LOGA2VD8rC8XLYmxJBc0=
github.com/tinywasm/unixid v0.2.23/go.mod h1:5KPbI26CrW8S7rgMS46gqlLKTYPno3QH49GSB5NSLMU=
github.com/tinywasm/wizard v0.0.23 h1:hVio9ifAaR7Mu3wxwHoT9eZw9WPB2cRJEVD2foXx6Yw=
github.com/tinywasm/wizard v0.0.23/go.mod h1:tGkT9PRSfeKRZ8cQeVw9jECkK+wRx5vg//o0751dqmE=
github.com/zalando/go-keyring v0.2.8 h1:6sD/Ucpl7jNq10rM2pgqTs0sZ9V3qMrqfIIy5YPccHs=
github.com/zalando/go-keyring v0.2.8/go.mod h1:tsMo+VpRq5NGyKfxoBVjCuMrG47yj8cmakZDO5QGii0=
golang.org/x/crypto v0.53.0 h1:QZ4Muo8THX6CizN2vPPd5fBGHyogrdK9fG4wLPFUsto=
golang.org/x/crypto v0.53.0/go.mod h1:DNLU434OwVakk9PzuwV8w62mAJpRJL3vsgcfp4Qnsio=
golang.org/x/net v0.55.0 h1:bcvxaJn3e1U6InsFWt1JUq1aSjnRxLzT2rtD2KfkDF8=
golang.org/x/net v0.55.0/go.mod h1:L5U2KuzuOe1lY7Z+aWVIKK6qEeJXnXV9yzGA+WCHJww=
golang.org/x/sys v0.46.0 h1:noSf2Fq6F8DBgS+LysIkx7rIExoNHJsxOAtPp4rthXw=
golang.org/x/sys v0.46.0/go.mod h1:4GL1E5IUh+htKOUEOaiffhrAeqysfVGipDYzABqnCmw=
golang.org/x/term v0.44.0 h1:0rLvDRCtNj0gZkyIXhCyOb2OAzEhLVqc4B+hrsBhrmc=
golang.org/x/term v0.44.0/go.mod h1:7ze4MdzUzLXpSAoFP1H0bOI9aXDqveSvatT5vKcFh2Y=
golang.org/x/text v0.38.0 h1:sXmwo9DwP3OK9EZ7PqAdaooSGozfl/3a6/xJcbzPRhE=
golang.org/x/text v0.38.0/go.mod h1:YXZt3QhHUKYT53r2lLKFIVi6Ao1jdzrTR/KQ09qyxF4=
gopkg.in/check.v1 v0.0.0-20161208181325-20d25e280405/go.mod h1:Co6ibVJAznAaIkqp8huTwlJQCZ016jof/cbN4VW5Yz0=
gopkg.in/yaml.v1 v1.0.0-20140924161607-9f9df34309c0/go.mod h1:WDnlLJ4WF5VGsH/HVa3CI79GS0ol3YnhVnKP89i0kNg=
gopkg.in/yaml.v3 v3.0.1 h1:fxVm/GzAzEWqLHuvctI91KS9hhNmmWOoWu0XTYJS7CA=
gopkg.in/yaml.v3 v3.0.1/go.mod h1:K4uyk7z7BCEPqu6E+C64Yfv1cQ7kz7rIZviUmN+EgEM=
howett.net/plist v1.0.0 h1:7CrbWYbPPO/PyNy38b2EB/+gYbjCe2DXBxgtOOZbSQM=
howett.net/plist v1.0.0/go.mod h1:lqaXoTrLY4hg8tnEzNru53gicrbv7rrk+2xJA/7hw9g=
lukechampine.com/blake3 v1.4.1 h1:I3Smz7gso8w4/TunLKec6K2fn+kyKtDxr/xcQEN84Wg=
lukechampine.com/blake3 v1.4.1/go.mod h1:QFosUxmjB8mnrWFSNwKmvxHpfY72bmD2tQ0kBMM3kwo=
