github.com/jessevdk/go-flags v1.4.0/go.mod h1:4FA24M0QyGHXBuZZK/XkWh8h0e1EYbRYJSGM75WSRxI=
github.com/klauspost/cpuid/v2 v2.0.9 h1:lgaqFMSdTdQYdZ04uHyN2d/eKdOMyi2YLSvlQIBFYa4=
github.com/klauspost/cpuid/v2 v2.0.9/go.mod h1:FInQzS24/EEf25PyTYn52gqo7WaD8xa0213Md/qVLRg=
github.com/smallstep/truststore v0.13.0 h1:90if9htAOblavbMeWlqNLnO9bsjjgVv2hQeQJCi/py4=
github.com/smallstep/truststore v0.13.0/go.mod h1:3tmMp2aLKZ/OA/jnFUB0cYPcho402UG2knuJoPh4j7A=
github.com/tdewolff/minify/v2 v2.24.12 h1:YXJxVJmz7vxgnEv1v8J/EI4x+Uw4MMohcRFK7TFOjmk=
github.com/tdewolff/minify/v2 v2.24.12/go.mod h1:exq1pjdrh9uAICdfVKQwqz6MsJmWmQahZuTC6pTO6ro=
github.com/tdewolff/parse/v2 v2.8.11 h1:SGyjEy3xEqd+W9WVzTlTQ5GkP/en4a1AZNZVJ1cvgm0=
github.com/tdewolff/parse/v2 v2.8.11/go.mod h1:Hwlni2tiVNKyzR1o6nUs4FOF07URA+JLBLd6dlIXYqo=
github.com/tdewolff/test v1.0.11 h1:FdLbwQVHxqG16SlkGveC0JVyrJN62COWTRyUFzfbtBE=
github.com/tdewolff/test v1.0.11/go.mod h1:XPuWBzvdUzhCuxWO1ojpXsyzsA5bFoS3tO/Q3kFuTG8=
github.com/tinywasm/await v0.1.0 h1:keCHZSRPohCGLv+Tm/ovZUwi9oZZX3G3QgUomsNgsxM=
github.com/tinywasm/await v0.1.0/go.mod h1:7Z60wpqsTfOhy8zVE4kd86ZrFZ97e9Vx4E69Xwgeca8=
github.com/tinywasm/color v0.1.1 h1:S00T0XR42Q3sDpfJELNnF0HFxMh9gApH4SnA0Ml6Q7A=
github.com/tinywasm/color v0.1.1/go.mod h1:0wqAVE1k2GxXIX/v1G+w97J8YRpispYcDa7M75H+umI=
github.com/tinywasm/context v0.0.18 h1:uKeiAFo6L/PikGSbUu+xcyELGoa4kXomDNwJOlhxrUE=
github.com/tinywasm/context v0.0.18/go.mod h1:3AHZHMiiVZljEGNuYMaLM2OXdZ3bXjoMCmqx3sEGXsA=
github.com/tinywasm/css v0.4.12 h1:0yXhVBFWYz+0yEKd4tHaU/dLBqDx0U1rwFYBA6zQMhA=
github.com/tinywasm/css v0.4.12/go.mod h1:EyCY2mFW664qIyqTQKW1mgkg7cqAK3oF6igiwYdGV5k=
github.com/tinywasm/ddlc v0.0.5 h1:QBZ9TfseoRnvqvoTFG7JAhf2j+Qa3ohaTka4P25BKAs=
github.com/tinywasm/ddlc v0.0.5/go.mod h1://RkYWsU2TcnT1A3qm6xnD9WRWSlnpR2TcnQPWITbrE=
github.com/tinywasm/dom v0.13.5 h1:CklQl/U/pJn5Pka3n5xf8xEObFLxuKxrrpXPLGiprWY=
github.com/tinywasm/dom v0.13.5/go.mod h1:foT4zhFHK4T8ZNPjgT539dAfdslSdY/hD7V0g9CUNgY=
github.com/tinywasm/fetch v0.1.24 h1:UynB2NPPgYrwcRx6ZujkRUTlfUUkNs60J0O63/1FmAs=
github.com/tinywasm/fetch v0.1.24/go.mod h1:Hx9bkdjC5fcf++EWjHKUzEn2OZpUbfoXNQV8tbdC5SI=
github.com/tinywasm/filetype v0.0.2 h1:3e9zQarlYwRP+AjeZzsgDgHuKzZx3+8coPy5JtlHkCc=
github.com/tinywasm/filetype v0.0.2/go.mod h1:7oIYSOoc3T7U9B3GQHKzYarGQ518iekIImR64s/ht9U=
github.com/tinywasm/fmt v0.25.5 h1:2nBU5H1lszhkGIusm7m4S+rGM2rPiIJkhvQqwqN17qo=
github.com/tinywasm/fmt v0.25.5/go.mod h1:2Y4hlsQxqVsZ5z9vQL5XQbEzLQtQOr1Bhp44nPGfydA=
github.com/tinywasm/font v0.0.4 h1:dugQHev1xk2YzA01xpqV4WLCHxEmk6JEu2GkDbPxlfE=
github.com/tinywasm/font v0.0.4/go.mod h1:mc8y0jI0VWgsSNEk5f0G3x61Xah4xyfOf9/ds3YaLD8=
github.com/tinywasm/html v0.0.17 h1:RROL3aLAGvAAQKsIPK+3XGjr1wOp7PZzxQno0kK69JI=
github.com/tinywasm/html v0.0.17/go.mod h1:y9CxJFeZBj3iR+TXwudMMiUrIXMQHIYojJKpYZH6NrA=
github.com/tinywasm/js v0.0.4 h1:dG4SHMpY48kg0A6rnL4aqf6pclurV52y893fG0ovfJ4=
github.com/tinywasm/js v0.0.4/go.mod h1:VNNOpFiVwfN3B6ZYG9HPZRp8sCOjcNd78c5TQcPzf0E=
github.com/tinywasm/json v0.5.17 h1:yucPs19Tuiy+a+ZdsiqyKR3CyFHjm66W1ZZwCnhmPJk=
github.com/tinywasm/json v0.5.17/go.mod h1:2DE5+HKkqAvoGFYAhoZQX1ogCXQtrukGdwxYNVtigAY=
github.com/tinywasm/jsvalue v0.0.15 h1:RbdqbytQD8ASxm3QGXHdXbhos/uP1E7gxV4SWpLSGZ0=
github.com/tinywasm/jsvalue v0.0.15/go.mod h1:LKUZAJYaV4Kjq/BLej2kkM9AKOfLgNrZ1W6Xwz/CdQk=
github.com/tinywasm/model v0.1.4 h1:ZXz/LB9bUVzfiPO3R8iMDbZ6j2DCdR+rOV67zDaE7VE=
github.com/tinywasm/model v0.1.4/go.mod h1:Cx/RTzSOH/DM2DtP6JqdhIRTDlf31EstTV5Y0RSp/dg=
github.com/tinywasm/modfind v0.0.4 h1:g7EFZArEftll9pxg5VAToIltVnEMRWfE+KEjPJpsNgY=
github.com/tinywasm/modfind v0.0.4/go.mod h1:g1ZkkxCZ7vwDI5O23AMWlPJy4ctRWfWKZX/y+KMH1FM=
github.com/tinywasm/orm v0.9.28 h1:/VhIq7rfkwY7N9VrSZsYNlLQm7PSi0jmudzix2ut8Os=
github.com/tinywasm/orm v0.9.28/go.mod h1:EJvLFeMXmdV+i0q6pFycYjhivun+5gHkhPjWu9UM2OQ=
github.com/tinywasm/router v0.1.14 h1:pjc2hXStIyjoDXOmnxktqIa1TEX3K2X0zRLb5X3c1Gg=
github.com/tinywasm/router v0.1.14/go.mod h1:JYL/YiErI7bbkg1suosA1Et8Fv1jxrFY/dLqvjq/flc=
github.com/tinywasm/server v0.2.37 h1:GWoLLOMHKN8M5Po+DsEX7vgnyhOCb1ZtyLW8WAGdy9c=
github.com/tinywasm/server v0.2.37/go.mod h1:cGuc0f2xQYOxfO+Ih7+O+q859jnAN7nbvyDMNPAiD7g=
github.com/tinywasm/sitec v0.0.58 h1:Gfm6M6SbF8uTSAbWDPqElablKIHNoM5qI1M+bah9r40=
github.com/tinywasm/sitec v0.0.58/go.mod h1:zTce0AuTJHo5eoVPj5dADDzyUFv9QdHGiNe7r/xD4ok=
github.com/tinywasm/sqlt v0.0.7 h1:37OjyZ4vYdol8WSqOPBZFQ0sdoK/k1qUybTcmBcmzXM=
github.com/tinywasm/sqlt v0.0.7/go.mod h1:VWoPgBoIVBPeTZW6nlXXWXpQdttw75vxuSovXfpdkls=
github.com/tinywasm/svg v0.1.8 h1:SoMz1AmTSMcsVrXtmaYW8Pzlp3kYCkR2t6stDf+hAEA=
github.com/tinywasm/svg v0.1.8/go.mod h1:gZOI1TD2UnOwNpcWGhgsk87ynGd7KJ5fl+75lPT9i6c=
github.com/tinywasm/time v0.5.0 h1:M17DNgKrMYfkCK42V6miL9AcwfN/FHghbKOSTXJrkMo=
github.com/tinywasm/time v0.5.0/go.mod h1:vxGAkKA40im4ObiTS6hcsJYiIsVVLSz/A63JC/+TwvA=
github.com/tinywasm/tinygo v0.0.11 h1:mdSPat9PcIcT1ZW6y+7DJmAbne2vLHVpTHqTCRL/L/A=
github.com/tinywasm/tinygo v0.0.11/go.mod h1:AFP4RTqJN9HKR/AWwXSibOF0HwlHIIpBNP0KWO2nvCU=
github.com/tinywasm/unixid v0.2.23 h1:Lp/TER0RwbaT7EcHbQNzXj9LOGA2VD8rC8XLYmxJBc0=
github.com/tinywasm/unixid v0.2.23/go.mod h1:5KPbI26CrW8S7rgMS46gqlLKTYPno3QH49GSB5NSLMU=
golang.org/x/crypto v0.53.0 h1:QZ4Muo8THX6CizN2vPPd5fBGHyogrdK9fG4wLPFUsto=
golang.org/x/crypto v0.53.0/go.mod h1:DNLU434OwVakk9PzuwV8w62mAJpRJL3vsgcfp4Qnsio=
golang.org/x/net v0.55.0 h1:bcvxaJn3e1U6InsFWt1JUq1aSjnRxLzT2rtD2KfkDF8=
golang.org/x/net v0.55.0/go.mod h1:L5U2KuzuOe1lY7Z+aWVIKK6qEeJXnXV9yzGA+WCHJww=
golang.org/x/text v0.38.0 h1:sXmwo9DwP3OK9EZ7PqAdaooSGozfl/3a6/xJcbzPRhE=
golang.org/x/text v0.38.0/go.mod h1:YXZt3QhHUKYT53r2lLKFIVi6Ao1jdzrTR/KQ09qyxF4=
gopkg.in/check.v1 v0.0.0-20161208181325-20d25e280405/go.mod h1:Co6ibVJAznAaIkqp8huTwlJQCZ016jof/cbN4VW5Yz0=
gopkg.in/yaml.v1 v1.0.0-20140924161607-9f9df34309c0/go.mod h1:WDnlLJ4WF5VGsH/HVa3CI79GS0ol3YnhVnKP89i0kNg=
howett.net/plist v1.0.0 h1:7CrbWYbPPO/PyNy38b2EB/+gYbjCe2DXBxgtOOZbSQM=
howett.net/plist v1.0.0/go.mod h1:lqaXoTrLY4hg8tnEzNru53gicrbv7rrk+2xJA/7hw9g=
lukechampine.com/blake3 v1.4.1 h1:I3Smz7gso8w4/TunLKec6K2fn+kyKtDxr/xcQEN84Wg=
lukechampine.com/blake3 v1.4.1/go.mod h1:QFosUxmjB8mnrWFSNwKmvxHpfY72bmD2tQ0kBMM3kwo=
